{
  "name": "checking-validate-email",
  "version": "1.0.0",
  "lockfileVersion": 3,
  "requires": true,
  "packages": {
    "": {
      "name": "checking-validate-email",
      "version": "1.0.0",
      "license": "ISC",
      "dependencies": {
        "deep-email-validator": "^0.1.21"
      }
    },
    "node_modules/@types/disposable-email-domains": {
      "version": "1.0.6",
      "resolved": "https://registry.npmjs.org/@types/disposable-email-domains/-/disposable-email-domains-1.0.6.tgz",
      "integrity": "sha512-+jHw0Q4ERuVYIChlUaoSm/VEuuNFeW7JgUU8Rwa9V1ym6q+gkGmBK5sGTDKqlfmsSdI5bFMHKlEatirPFvd8Xw=="
    },
    "node_modules/axios": {
      "version": "0.24.0",
      "resolved": "https://registry.npmjs.org/axios/-/axios-0.24.0.tgz",
      "integrity": "sha512-Q6cWsys88HoPgAaFAVUb0WpPk0O8iTeisR9IMqy9G8AbO4NlpVknrnQS03zzF9PGAWgO3cgletO3VjV/P7VztA==",
      "dependencies": {
        "follow-redirects": "^1.14.4"
      }
    },
    "node_modules/deep-email-validator": {
      "version": "0.1.21",
      "resolved": "https://registry.npmjs.org/deep-email-validator/-/deep-email-validator-0.1.21.tgz",
      "integrity": "sha512-DBAmMzbr+MAubXQ+TS9tZuPwLcdKscb8YzKZiwoLqF3NmaeEgXvSSHhZ0EXOFeKFE2FNWC4mNXCyiQ/JdFXUwg==",
      "dependencies": {
        "@types/disposable-email-domains": "^1.0.1",
        "axios": "^0.24.0",
        "disposable-email-domains": "^1.0.59",
        "mailcheck": "^1.1.1"
      }
    },
    "node_modules/disposable-email-domains": {
      "version": "1.0.62",
      "resolved": "https://registry.npmjs.org/disposable-email-domains/-/disposable-email-domains-1.0.62.tgz",
      "integrity": "sha512-LBQvhRw7mznQTPoyZbsmYeNOZt1pN5aCsx4BAU/3siVFuiM9f2oyKzUaB8v1jbxFjE3aYqYiMo63kAL4pHgfWQ=="
    },
    "node_modules/follow-redirects": {
      "version": "1.15.6",
      "resolved": "https://registry.npmjs.org/follow-redirects/-/follow-redirects-1.15.6.tgz",
      "integrity": "sha512-wWN62YITEaOpSK584EZXJafH1AGpO8RVgElfkuXbTOrPX4fIfOyEpW/CsiNd8JdYrAoOvafRTOEnvsO++qCqFA==",
      "funding": [
        {
          "type": "individual",
          "url": "https://github.com/sponsors/RubenVerborgh"
        }
      ],
      "engines": {
        "node": ">=4.0"
      },
      "peerDependenciesMeta": {
        "debug": {
          "optional": true
        }
      }
    },
    "node_modules/mailcheck": {
      "version": "1.1.1",
      "resolved": "https://registry.npmjs.org/mailcheck/-/mailcheck-1.1.1.tgz",
      "integrity": "sha512-3WjL8+ZDouZwKlyJBMp/4LeziLFXgleOdsYu87piGcMLqhBzCsy2QFdbtAwv757TFC/rtqd738fgJw1tFQCSgA=="
    }
  }
}
